
Microsoft Visual Studio Solution File, Format Version 12.00
# Visual Studio Version 16
VisualStudioVersion = 16.0.29728.190
MinimumVisualStudioVersion = 10.0.40219.1
Project("{9A19103F-16F7-4668-BE54-9A1E7A4F7556}") = "algo", "algo\algo.csproj", "{43739D2A-0EEE-4E09-A427-B15C78AEF8D1}"
EndProject
Project("{9A19103F-16F7-4668-BE54-9A1E7A4F7556}") = "Threading", "Threading\Threading.csproj", "{002B3010-6F32-4CF9-B71B-F88F691EF146}"
EndProject
Global
	GlobalSection(SolutionConfigurationPlatforms) = preSolution
		Debug|Any CPU = Debug|Any CPU
		Release|Any CPU = Release|Any CPU
	EndGlobalSection
	GlobalSection(ProjectConfigurationPlatforms) = postSolution
		{43739D2A-0EEE-4E09-A427-B15C78AEF8D1}.Debug|Any CPU.ActiveCfg = Debug|Any CPU
		{43739D2A-0EEE-4E09-A427-B15C78AEF8D1}.Debug|Any CPU.Build.0 = Debug|Any CPU
		{43739D2A-0EEE-4E09-A427-B15C78AEF8D1}.Release|Any CPU.ActiveCfg = Release|Any CPU
		{43739D2A-0EEE-4E09-A427-B15C78AEF8D1}.Release|Any CPU.Build.0 = Release|Any CPU
		{002B3010-6F32-4CF9-B71B-F88F691EF146}.Debug|Any CPU.ActiveCfg = Debug|Any CPU
		{002B3010-6F32-4CF9-B71B-F88F691EF146}.Debug|Any CPU.Build.0 = Debug|Any CPU
		{002B3010-6F32-4CF9-B71B-F88F691EF146}.Release|Any CPU.ActiveCfg = Release|Any CPU
		{002B3010-6F32-4CF9-B71B-F88F691EF146}.Release|Any CPU.Build.0 = Release|Any CPU
	EndGlobalSection
	GlobalSection(SolutionProperties) = preSolution
		HideSolutionNode = FALSE
	EndGlobalSection
	GlobalSection(ExtensibilityGlobals) = postSolution
		SolutionGuid = {B7F52596-04DC-4CB3-BC8A-0FAD9E70CC71}
	EndGlobalSection
EndGlobal
