
Microsoft Visual Studio Solution File, Format Version 12.00
# Visual Studio Version 16
VisualStudioVersion = 16.0.29728.190
MinimumVisualStudioVersion = 10.0.40219.1
Project("{FAE04EC0-301F-11D3-BF4B-00C04F79EFBC}") = "VariousSnippets", "VariousSnippets\VariousSnippets.csproj", "{D8636840-7E63-4A14-9D3D-0F02FE877271}"
EndProject
Global
	GlobalSection(SolutionConfigurationPlatforms) = preSolution
		Debug|Any CPU = Debug|Any CPU
		Release|Any CPU = Release|Any CPU
	EndGlobalSection
	GlobalSection(ProjectConfigurationPlatforms) = postSolution
		{D8636840-7E63-4A14-9D3D-0F02FE877271}.Debug|Any CPU.ActiveCfg = Debug|Any CPU
		{D8636840-7E63-4A14-9D3D-0F02FE877271}.Debug|Any CPU.Build.0 = Debug|Any CPU
		{D8636840-7E63-4A14-9D3D-0F02FE877271}.Release|Any CPU.ActiveCfg = Release|Any CPU
		{D8636840-7E63-4A14-9D3D-0F02FE877271}.Release|Any CPU.Build.0 = Release|Any CPU
	EndGlobalSection
	GlobalSection(SolutionProperties) = preSolution
		HideSolutionNode = FALSE
	EndGlobalSection
	GlobalSection(ExtensibilityGlobals) = postSolution
		SolutionGuid = {DA622078-B4F1-4738-9BB3-629C162BC833}
	EndGlobalSection
EndGlobal
